{
  "requires": true,
  "lockfileVersion": 1,
  "dependencies": {
    "amdefine": {
      "version": "1.0.1",
      "resolved": "https://registry.npmjs.org/amdefine/-/amdefine-1.0.1.tgz",
      "integrity": "sha1-SlKCrBZHKek2Gbz9OtFR+BfOkfU="
    },
    "basicscroll": {
      "version": "3.0.4",
      "resolved": "https://registry.npmjs.org/basicscroll/-/basicscroll-3.0.4.tgz",
      "integrity": "sha512-q3mPVgLihiGHs64hbZfFFx9VrP/3eE7W4Q7YJ2GKwGqJTnF9NJroQQYcKANTxS7/6ODo69pittw9lVqNgBVi4w==",
      "requires": {
        "eases": "^1.0.8",
        "parse-unit": "^1.0.1"
      }
    },
    "camelcase": {
      "version": "1.2.1",
      "resolved": "https://registry.npmjs.org/camelcase/-/camelcase-1.2.1.tgz",
      "integrity": "sha1-m7UwTS4LVmmLLHWLCKPqqdqlijk="
    },
    "datepicker": {
      "version": "0.0.0",
      "resolved": "https://registry.npmjs.org/datepicker/-/datepicker-0.0.0.tgz",
      "integrity": "sha1-nCAB+8sZOKvBgNQvwIK2LToGE2k="
    },
    "datetimepicker": {
      "version": "0.1.39",
      "resolved": "https://registry.npmjs.org/datetimepicker/-/datetimepicker-0.1.39.tgz",
      "integrity": "sha512-CQOQRvEN4FThu5dXY4xNkqyiknJomafVC+muSJDbwYZQIrXU05yazPPRQXFYrAPFfr0I7n55kk2gCF39R2KsRQ=="
    },
    "decamelize": {
      "version": "1.2.0",
      "resolved": "https://registry.npmjs.org/decamelize/-/decamelize-1.2.0.tgz",
      "integrity": "sha1-9lNNFRSCabIDUue+4m9QH5oZEpA="
    },
    "dflip": {
      "version": "1.0.0",
      "resolved": "https://registry.npmjs.org/dflip/-/dflip-1.0.0.tgz",
      "integrity": "sha512-vO2s9uoQTvA16sIaRtEFM5kaN4fTLyBrlT76oAtBOKjIiWZ1ViZKE/9hJmw7CTDs6eHhC4WHaBT3JfnDlg4FxQ=="
    },
    "docslider": {
      "version": "3.0.1",
      "resolved": "https://registry.npmjs.org/docslider/-/docslider-3.0.1.tgz",
      "integrity": "sha512-CJZDnags1bvMblU2BuXEKd6AzThH4Zw0z5nSz4C/BXbaKaWJ/bH5nQwcMpssoxCAc+1Wh2eTPfrm7ZnMgdlrKQ=="
    },
    "dom7": {
      "version": "3.0.0",
      "resolved": "https://registry.npmjs.org/dom7/-/dom7-3.0.0.tgz",
      "integrity": "sha512-oNlcUdHsC4zb7Msx7JN3K0Nro1dzJ48knvBOnDPKJ2GV9wl1i5vydJZUSyOfrkKFDZEud/jBsTk92S/VGSAe/g==",
      "requires": {
        "ssr-window": "^3.0.0-alpha.1"
      }
    },
    "eases": {
      "version": "1.0.8",
      "resolved": "https://registry.npmjs.org/eases/-/eases-1.0.8.tgz",
      "integrity": "sha1-8fUGmmtu0upRD5xhEDmNY+/pruY="
    },
    "fullpage.js": {
      "version": "3.1.1",
      "resolved": "https://registry.npmjs.org/fullpage.js/-/fullpage.js-3.1.1.tgz",
      "integrity": "sha512-pd8rbaDTHxK/eYtfDu7os0CEXjLA5e/3FNe+Mo8RnpntmOayxtyL1D8Y7JzANOCvKLn8zO5aFrPZGo3NhOCwgQ=="
    },
    "grunt-contrib-uglify": {
      "version": "0.2.7",
      "resolved": "https://registry.npmjs.org/grunt-contrib-uglify/-/grunt-contrib-uglify-0.2.7.tgz",
      "integrity": "sha1-5r2lHgxAoUWfbOrUI8Ze/XJaG/c=",
      "requires": {
        "grunt-lib-contrib": "~0.6.1",
        "uglify-js": "~2.4.0"
      }
    },
    "grunt-lib-contrib": {
      "version": "0.6.1",
      "resolved": "https://registry.npmjs.org/grunt-lib-contrib/-/grunt-lib-contrib-0.6.1.tgz",
      "integrity": "sha1-P1att9oG6BR5XuJBWw6+X7iQPrs=",
      "requires": {
        "zlib-browserify": "0.0.1"
      }
    },
    "jquery": {
      "version": "3.6.0",
      "resolved": "https://registry.npmjs.org/jquery/-/jquery-3.6.0.tgz",
      "integrity": "sha512-JVzAR/AjBvVt2BmYhxRCSYysDsPcssdmTFnzyLEts9qNwmjmu4JTAMYubEfwVOSwpQ1I1sKKFcxhZCI2buerfw=="
    },
    "jquery-simplyscroll": {
      "version": "2.1.1",
      "resolved": "https://registry.npmjs.org/jquery-simplyscroll/-/jquery-simplyscroll-2.1.1.tgz",
      "integrity": "sha1-hX1Hen5Tk+sX5N4ydh1hnS9ycz4=",
      "requires": {
        "jquery": "^3.3.1"
      }
    },
    "object-assign": {
      "version": "4.1.1",
      "resolved": "https://registry.npmjs.org/object-assign/-/object-assign-4.1.1.tgz",
      "integrity": "sha1-IQmtx5ZYh8/AXLvUQsrIv7s2CGM="
    },
    "pannellum": {
      "version": "2.5.6",
      "resolved": "https://registry.npmjs.org/pannellum/-/pannellum-2.5.6.tgz",
      "integrity": "sha512-R4kSPpj36wQPlyIi9ZftxPfVYF11DEbNBATUEI+pkMGZDFYBV5Jxi6tYFVDdmxA2xaTeKZQHMIuIIj7njVSTQQ=="
    },
    "pano": {
      "version": "1.1.1",
      "resolved": "https://registry.npmjs.org/pano/-/pano-1.1.1.tgz",
      "integrity": "sha1-2ZNnARz3dfxHcqu1v75HFjAkDWM=",
      "requires": {
        "panolens.js": "^1.0.0"
      }
    },
    "panolens": {
      "version": "0.12.1",
      "resolved": "https://registry.npmjs.org/panolens/-/panolens-0.12.1.tgz",
      "integrity": "sha512-2hpjm+rRnDdaLD5Bak49K0Y9/X6vOr1OcyJx5piSA6sCOs1tsgchMgKIwpSGCMpBMHWZ10E/Cz4BIwyXYebt5g==",
      "requires": {
        "three": "^0.105.2"
      },
      "dependencies": {
        "three": {
          "version": "0.105.2",
          "resolved": "https://registry.npmjs.org/three/-/three-0.105.2.tgz",
          "integrity": "sha512-L3Al37k4g3hVbgFFS251UVtIc25chhyN0/RvXzR0C+uIBToV6EKDG+MZzEXm9L2miGUVMK27W46/VkP6WUZXMg=="
        }
      }
    },
    "panolens.js": {
      "version": "1.0.1",
      "resolved": "https://registry.npmjs.org/panolens.js/-/panolens.js-1.0.1.tgz",
      "integrity": "sha1-nbix03rqyhBmRCX6S9tIo4XKYRQ="
    },
    "parallax": {
      "version": "0.0.0",
      "resolved": "https://registry.npmjs.org/parallax/-/parallax-0.0.0.tgz",
      "integrity": "sha1-1UndJB158ST4sCLzmQZMxd/SqFg="
    },
    "parallax-js": {
      "version": "3.1.0",
      "resolved": "https://registry.npmjs.org/parallax-js/-/parallax-js-3.1.0.tgz",
      "integrity": "sha512-UONoPKSQykeNvFcemDPxYYDU/T89LSffoaZAwOMhDp0ABhmFPwthgn2GrfB7An9Qo+8nPZIuQeZsh2pWn1qN3A==",
      "requires": {
        "object-assign": "^4.1.1",
        "raf": "^3.3.0"
      }
    },
    "parse-unit": {
      "version": "1.0.1",
      "resolved": "https://registry.npmjs.org/parse-unit/-/parse-unit-1.0.1.tgz",
      "integrity": "sha1-fhu21b7zh0wo45JSaiVBFwKR7s8="
    },
    "performance-now": {
      "version": "2.1.0",
      "resolved": "https://registry.npmjs.org/performance-now/-/performance-now-2.1.0.tgz",
      "integrity": "sha1-Ywn04OX6kT7BxpMHrjZLSzd8nns="
    },
    "prefixfree": {
      "version": "1.0.0",
      "resolved": "https://registry.npmjs.org/prefixfree/-/prefixfree-1.0.0.tgz",
      "integrity": "sha1-grDtu6wQfyo+LcVp1sPfQDXNeRA="
    },
    "raf": {
      "version": "3.4.1",
      "resolved": "https://registry.npmjs.org/raf/-/raf-3.4.1.tgz",
      "integrity": "sha512-Sq4CW4QhwOHE8ucn6J34MqtZCeWFP2aQSmrlroYgqAV1PjStIhJXxYuTgUIfkEk7zTLjmIjLmU5q+fbD1NnOJA==",
      "requires": {
        "performance-now": "^2.1.0"
      }
    },
    "scrollmagic": {
      "version": "2.0.8",
      "resolved": "https://registry.npmjs.org/scrollmagic/-/scrollmagic-2.0.8.tgz",
      "integrity": "sha512-UYXEGBPVLziovXl3FjHGkY9c4UXKUKopIdXwWR2JapWxCo0U345wYegi7rcsv5vHf/ktc1bSNWy4QRFiV+Yccw=="
    },
    "source-map": {
      "version": "0.1.34",
      "resolved": "https://registry.npmjs.org/source-map/-/source-map-0.1.34.tgz",
      "integrity": "sha1-p8/omux7FoLDsZjQrPtH19CQVms=",
      "requires": {
        "amdefine": ">=0.0.4"
      }
    },
    "ssr-window": {
      "version": "3.0.0",
      "resolved": "https://registry.npmjs.org/ssr-window/-/ssr-window-3.0.0.tgz",
      "integrity": "sha512-q+8UfWDg9Itrg0yWK7oe5p/XRCJpJF9OBtXfOPgSJl+u3Xd5KI328RUEvUqSMVM9CiQUEf1QdBzJMkYGErj9QA=="
    },
    "swiper": {
      "version": "6.7.1",
      "resolved": "https://registry.npmjs.org/swiper/-/swiper-6.7.1.tgz",
      "integrity": "sha512-r5Xr0WdQ7CuQiomb/8A+j9QsIl2ClQk5KoJU1jWp8/OP4OS/0ZJf5tKLWlJMPRHafy1oRsmv1lSSyzJad6XoRg==",
      "requires": {
        "dom7": "^3.0.0",
        "ssr-window": "^3.0.0"
      }
    },
    "three": {
      "version": "0.127.0",
      "resolved": "https://registry.npmjs.org/three/-/three-0.127.0.tgz",
      "integrity": "sha512-wtgrn+mhYUbobxT7QN3GPdu3SRpSBQvwY6uOzLChWS7QE//f7paDU/+wlzbg+ngeIvBBqjBHSRuywTh8A99Jng=="
    },
    "timepicker": {
      "version": "1.13.18",
      "resolved": "https://registry.npmjs.org/timepicker/-/timepicker-1.13.18.tgz",
      "integrity": "sha512-3y9FjZ3pOhgK/Ada8yr7u7j3QkCxYOGXXjbfoGnaKd0E9qg2VX9cELZtxu21LGr9pOzuhh5qvoVp4gYZ+hcQmQ==",
      "requires": {
        "jquery": "^3.5.1"
      }
    },
    "uglify-js": {
      "version": "2.4.24",
      "resolved": "https://registry.npmjs.org/uglify-js/-/uglify-js-2.4.24.tgz",
      "integrity": "sha1-+tV1XB4Vd2WLsG/5q25UjJW+vW4=",
      "requires": {
        "async": "~0.2.6",
        "source-map": "0.1.34",
        "uglify-to-browserify": "~1.0.0",
        "yargs": "~3.5.4"
      },
      "dependencies": {
        "async": {
          "version": "0.2.10",
          "resolved": "https://registry.npmjs.org/async/-/async-0.2.10.tgz",
          "integrity": "sha1-trvgsGdLnXGXCMo43owjfLUmw9E="
        }
      }
    },
    "uglify-to-browserify": {
      "version": "1.0.2",
      "resolved": "https://registry.npmjs.org/uglify-to-browserify/-/uglify-to-browserify-1.0.2.tgz",
      "integrity": "sha1-bgkk1r2mta/jSeOabWMoUKD4grc="
    },
    "videojs": {
      "version": "1.0.0",
      "resolved": "https://registry.npmjs.org/videojs/-/videojs-1.0.0.tgz",
      "integrity": "sha1-UDcS4LdDuPY3xUIhkmkqxKNLVL4=",
      "requires": {
        "grunt-contrib-uglify": "^0.2.7"
      }
    },
    "window-size": {
      "version": "0.1.0",
      "resolved": "https://registry.npmjs.org/window-size/-/window-size-0.1.0.tgz",
      "integrity": "sha1-VDjNLqk7IC76Ohn+iIeu58lPnJ0="
    },
    "wordwrap": {
      "version": "0.0.2",
      "resolved": "https://registry.npmjs.org/wordwrap/-/wordwrap-0.0.2.tgz",
      "integrity": "sha1-t5Zpu0LstAn4PVg8rVLKF+qhZD8="
    },
    "yargs": {
      "version": "3.5.4",
      "resolved": "https://registry.npmjs.org/yargs/-/yargs-3.5.4.tgz",
      "integrity": "sha1-2K/49mXpTDS9JZvevRv68N3TU2E=",
      "requires": {
        "camelcase": "^1.0.2",
        "decamelize": "^1.0.0",
        "window-size": "0.1.0",
        "wordwrap": "0.0.2"
      }
    },
    "zlib-browserify": {
      "version": "0.0.1",
      "resolved": "https://registry.npmjs.org/zlib-browserify/-/zlib-browserify-0.0.1.tgz",
      "integrity": "sha1-T6akXQDbwV8xikr6HZr8Aljhdsw="
    }
  }
}
